github.com/bsiegert/ranges v0.0.0-20111221115336-19303dc7aa63 h1:FxdkNGQyRwwk94rJ+IMNrTjv864XzT93/cvk7UpMM38=
github.com/bsiegert/ranges v0.0.0-20111221115336-19303dc7aa63/go.mod h1:8z71/aZjDHLs4ihK/5nD5wZVQxm/W4eRDnxQZcJmVD4=
github.com/canonical/go-efilib v1.4.2-0.20250328210113-1f78efbdb73c h1:ig7V/At5O6945PxW3KBcYmIZs34ZhKt5nxvpYQybhKM=
github.com/canonical/go-efilib v1.4.2-0.20250328210113-1f78efbdb73c/go.mod h1:n0Ttsy1JuHAvqaFbZBs6PAzoiiJdfkHsAmDOEbexYEQ=
github.com/canonical/go-efilib v1.5.0 h1:6Igh42xng23i9IJ992KsOHf/TE74VGGPZ1iW0JeRxSA=
github.com/canonical/go-efilib v1.5.0/go.mod h1:n0Ttsy1JuHAvqaFbZBs6PAzoiiJdfkHsAmDOEbexYEQ=
github.com/canonical/go-efilib v1.6.0 h1:0ZFcIclzoMBl6sAaHrSO98YVPUvKAPfXm6kjofhlHHw=
github.com/canonical/go-efilib v1.6.0/go.mod h1:n0Ttsy1JuHAvqaFbZBs6PAzoiiJdfkHsAmDOEbexYEQ=
github.com/canonical/go-sp800.108-kdf v0.0.0-20210315104021-ead800bbf9a0 h1:ZE2XMRFHcwlib3uU9is37+pKkkMloVoEPWmgQ6GK1yo=
github.com/canonical/go-sp800.108-kdf v0.0.0-20210315104021-ead800bbf9a0/go.mod h1:Zrs3YjJr+w51u0R/dyLh/oWt/EcBVdLPCVFYC4daW5s=
github.com/canonical/go-tpm2 v1.7.6 h1:9k9OAEEp9xKp4h2WJwfTUNivblJi4L5Wjx7Q/LkSTSQ=
github.com/canonical/go-tpm2 v1.7.6/go.mod h1:Dz0PQRmoYrmk/4BLILjRA+SFzuqEo1etAvYeAJiMhYU=
github.com/jessevdk/go-flags v1.5.0 h1:1jKYvbxEjfUl0fmqTCOfonvskHHXMjBySTLW4y9LFvc=
github.com/jessevdk/go-flags v1.5.0/go.mod h1:Fw0T6WPc1dYxT4mKEZRfG5kJhaTDP9pj1c2EWnYs/m4=
github.com/kr/pretty v0.2.1 h1:Fmg33tUaq4/8ym9TJN1x7sLJnHVwhP33CNkpYV/7rwI=
github.com/kr/pretty v0.2.1/go.mod h1:ipq/a2n7PKx3OHsz4KJII5eveXtPO4qwEXGdVfWzfnI=
github.com/kr/pty v1.1.1/go.mod h1:pFQYn66WHrOpPYNljwOMqo10TkYh1fy3cYio2l3bCsQ=
github.com/kr/text v0.1.0 h1:45sCR5RtlFHMR4UwH9sdQ5TC8v0qDQCHnXt+kaKSTVE=
github.com/kr/text v0.1.0/go.mod h1:4Jbv+DJW3UT/LiOwJeYQe1efqtUx/iVham/4vfdArNI=
github.com/snapcore/go-gettext v0.0.0-20191107141714-82bbea49e785 h1:PaunR+BhraKSLxt2awQ42zofkP+NKh/VjQ0PjIMk/y4=
github.com/snapcore/snapd v0.0.0-20201005140838-501d14ac146e h1:vqDZWKPBL9RKPA8KyOuTaSuXXlmRwn/ndvOkZaAmLJs=
golang.org/x/crypto v0.9.0 h1:LF6fAI+IutBocDJ2OT0Q1g8plpYljMZ4+lty+dsqw3g=
golang.org/x/crypto v0.9.0/go.mod h1:yrmDGqONDYtNj3tH8X9dzUun2m2lzPa9ngI6/RUPGR0=
golang.org/x/exp v0.0.0-20240416160154-fe59bbe5cc7f h1:99ci1mjWVBWwJiEKYY6jWa4d2nTQVIEhZIptnrVb1XY=
golang.org/x/exp v0.0.0-20240416160154-fe59bbe5cc7f/go.mod h1:/lliqkxwWAhPjf5oSOIJup2XcqJaw8RGS6k3TGEc7GI=
golang.org/x/net v0.10.0 h1:X2//UzNDwYmtCLn7To6G58Wr6f5ahEAQgKNzv9Y951M=
golang.org/x/net v0.10.0/go.mod h1:0qNGK6F8kojg2nk9dLZ2mShWaEBan6FAoqfSigmmuDg=
golang.org/x/sys v0.0.0-20210320140829-1e4c9ba3b0c4/go.mod h1:h1NjWce9XRLGQEsW7wpKNCjG9DtNlClVuFLEZdDNbEs=
golang.org/x/sys v0.19.0 h1:q5f1RH2jigJ1MoAWp2KTp3gm5zAGFUTarQZ5U386+4o=
golang.org/x/sys v0.19.0/go.mod h1:/VUhepiaJMQUp4+oa/7Zr1D23ma6VTLIYjOOTFZPUcA=
golang.org/x/xerrors v0.0.0-20200804184101-5ec99f83aff1 h1:go1bK/D/BFZV2I8cIQd1NKEZ+0owSTG1fDTci4IqFcE=
golang.org/x/xerrors v0.0.0-20200804184101-5ec99f83aff1/go.mod h1:I/5z698sn9Ka8TeJc9MKroUUfqBBauWjQqLJ2OPfmY0=
gopkg.in/check.v1 v1.0.0-20201130134442-10cb98267c6c h1:Hei/4ADfdWqJk1ZMxUNpqntNwaWcugrBjAiHlqqRiVk=
gopkg.in/check.v1 v1.0.0-20201130134442-10cb98267c6c/go.mod h1:JHkPIbrfpd72SG/EVd6muEfDQjcINNoR0C8j2r3qZ4Q=
gopkg.in/tomb.v2 v2.0.0-20161208151619-d5d1b5820637 h1:yiW+nvdHb9LVqSHQBXfZCieqV4fzYhNBql77zY0ykqs=
gopkg.in/tomb.v2 v2.0.0-20161208151619-d5d1b5820637/go.mod h1:BHsqpu/nsuzkT5BpiH1EMZPLyqSMM8JbIavyFACoFNk=
gopkg.in/yaml.v2 v2.3.0 h1:clyUAQHOM3G0M3f5vQj7LuJrETvjVot3Z5el9nffUtU=
